version: 2.0
shards:
  backtracer:
    git: https://github.com/sija/backtracer.cr.git
    version: 1.2.4

  exception_page:
    git: https://github.com/crystal-loot/exception_page.git
    version: 0.5.0

  kemal:
    git: https://github.com/kemalcr/kemal.git
    version: 1.9.0

  markd:
    git: https://github.com/icyleaf/markd.git
    version: 0.5.0

  nano:
    git: https://github.com/ysbaddaden/nanolib.cr.git
    version: 0.1.0+git.commit.5736e41f8f5d08ed438d880ef2698af43edc8faf

  radix:
    git: https://github.com/luislavena/radix.git
    version: 0.4.1

  reply:
    git: https://github.com/i3oris/reply.git
    version: 0.4.0

